// !$*UTF8*$!
{
	archiveVersion = 1;
	classes = {
	};
	objectVersion = 46;
	objects = {

/* Begin PBXBuildFile section */
		DE9953461C4FD22C003CA88B /* main.m in Sources */ = {isa = PBXBuildFile; fileRef = DE9953451C4FD22C003CA88B /* main.m */; };
		DE99534E1C4FD42E003CA88B /* swift.swift in Sources */ = {isa = PBXBuildFile; fileRef = DE99534D1C4FD42E003CA88B /* swift.swift */; };
/* End PBXBuildFile section */

/* Begin PBXCopyFilesBuildPhase section */
		DE9953401C4FD22C003CA88B /* CopyFiles */ = {
			isa = PBXCopyFilesBuildPhase;
			buildActionMask = 2147483647;
			dstPath = /usr/share/man/man1/;
			dstSubfolderSpec = 0;
			files = (
			);
			runOnlyForDeploymentPostprocessing = 1;
		};
/* End PBXCopyFilesBuildPhase section */

/* Begin PBXFileReference section */
		DE9953421C4FD22C003CA88B /* alogrithm_oc */ = {isa = PBXFileReference; explicitFileType = "compiled.mach-o.executable"; includeInIndex = 0; path = alogrithm_oc; sourceTree = BUILT_PRODUCTS_DIR; };
		DE9953451C4FD22C003CA88B /* main.m */ = {isa = PBXFileReference; lastKnownFileType = sourcecode.c.objc; path = main.m; sourceTree = "<group>"; };
		DE99534C1C4FD42E003CA88B /* alogrithm_oc-Bridging-Header.h */ = {isa = PBXFileReference; lastKnownFileType = sourcecode.c.h; path = "alogrithm_oc-Bridging-Header.h"; sourceTree = "<group>"; };
		DE99534D1C4FD42E003CA88B /* swift.swift */ = {isa = PBXFileReference; fileEncoding = 4; lastKnownFileType = sourcecode.swift; path = swift.swift; sourceTree = "<group>"; };
/* End PBXFileReference section */

/* Begin PBXFrameworksBuildPhase section */
		DE99533F1C4FD22C003CA88B /* Frameworks */ = {
			isa = PBXFrameworksBuildPhase;
			buildActionMask = 2147483647;
			files = (
			);
			runOnlyForDeploymentPostprocessing = 0;
		};
/* End PBXFrameworksBuildPhase section */

/* Begin PBXGroup section */
		DE9953391C4FD22C003CA88B = {
			isa = PBXGroup;
			children = (
				DE9953441C4FD22C003CA88B /* alogrithm_oc */,
				DE9953431C4FD22C003CA88B /* Products */,
			);
			sourceTree = "<group>";
		};
		DE9953431C4FD22C003CA88B /* Products */ = {
			isa = PBXGroup;
			children = (
				DE9953421C4FD22C003CA88B /* alogrithm_oc */,
			);
			name = Products;
			sourceTree = "<group>";
		};
		DE9953441C4FD22C003CA88B /* alogrithm_oc */ = {
			isa = PBXGroup;
			children = (
				DE9953451C4FD22C003CA88B /* main.m */,
				DE99534D1C4FD42E003CA88B /* swift.swift */,
				DE99534C1C4FD42E003CA88B /* alogrithm_oc-Bridging-Header.h */,
			);
			path = alogrithm_oc;
			sourceTree = "<group>";
		};
/* End PBXGroup section */

/* Begin PBXNativeTarget section */
		DE9953411C4FD22C003CA88B /* alogrithm_oc */ = {
			isa = PBXNativeTarget;
			buildConfigurationList = DE9953491C4FD22C003CA88B /* Build configuration list for PBXNativeTarget "alogrithm_oc" */;
			buildPhases = (
				DE99533E1C4FD22C003CA88B /* Sources */,
				DE99533F1C4FD22C003CA88B /* Frameworks */,
				DE9953401C4FD22C003CA88B /* CopyFiles */,
			);
			buildRules = (
			);
			dependencies = (
			);
			name = alogrithm_oc;
			productName = alogrithm_oc;
			productReference = DE9953421C4FD22C003CA88B /* alogrithm_oc */;
			productType = "com.apple.product-type.tool";
		};
/* End PBXNativeTarget section */

/* Begin PBXProject section */
		DE99533A1C4FD22C003CA88B /* Project object */ = {
			isa = PBXProject;
			attributes = {
				LastUpgradeCheck = 0710;
				ORGANIZATIONNAME = Terry;
				TargetAttributes = {
					DE9953411C4FD22C003CA88B = {
						CreatedOnToolsVersion = 7.1;
					};
				};
			};
			buildConfigurationList = DE99533D1C4FD22C003CA88B /* Build configuration list for PBXProject "alogrithm_oc" */;
			compatibilityVersion = "Xcode 3.2";
			developmentRegion = English;
			hasScannedForEncodings = 0;
			knownRegions = (
				en,
			);
			mainGroup = DE9953391C4FD22C003CA88B;
			productRefGroup = DE9953431C4FD22C003CA88B /* Products */;
			projectDirPath = "";
			projectRoot = "";
			targets = (
				DE9953411C4FD22C003CA88B /* alogrithm_oc */,
			);
		};
/* End PBXProject section */

/* Begin PBXSourcesBuildPhase section */
		DE99533E1C4FD22C003CA88B /* Sources */ = {
			isa = PBXSourcesBuildPhase;
			buildActionMask = 2147483647;
			files = (
				DE9953461C4FD22C003CA88B /* main.m in Sources */,
				DE99534E1C4FD42E003CA88B /* swift.swift in Sources */,
			);
			runOnlyForDeploymentPostprocessing = 0;
		};
/* End PBXSourcesBuildPhase section */

/* Begin XCBuildConfiguration section */
		DE9953471C4FD22C003CA88B /* Debug */ = {
			isa = XCBuildConfiguration;
			buildSettings = {
				ALWAYS_SEARCH_USER_PATHS = NO;
				CLANG_CXX_LANGUAGE_STANDARD = "gnu++0x";
				CLANG_CXX_LIBRARY = "libc++";
				CLANG_ENABLE_MODULES = YES;
				CLANG_ENABLE_OBJC_ARC = YES;
				CLANG_WARN_BOOL_CONVERSION = YES;
				CLANG_WARN_CONSTANT_CONVERSION = YES;
				CLANG_WARN_DIRECT_OBJC_ISA_USAGE = YES_ERROR;
				CLANG_WARN_EMPTY_BODY = YES;
				CLANG_WARN_ENUM_CONVERSION = YES;
				CLANG_WARN_INT_CONVERSION = YES;
				CLANG_WARN_OBJC_ROOT_CLASS = YES_ERROR;
				CLANG_WARN_UNREACHABLE_CODE = YES;
				CLANG_WARN__DUPLICATE_METHOD_MATCH = YES;
				CODE_SIGN_IDENTITY = "-";
				COPY_PHASE_STRIP = NO;
				DEBUG_INFORMATION_FORMAT = dwarf;
				ENABLE_STRICT_OBJC_MSGSEND = YES;
				ENABLE_TESTABILITY = YES;
				GCC_C_LANGUAGE_STANDARD = gnu99;
				GCC_DYNAMIC_NO_PIC = NO;
				GCC_NO_COMMON_BLOCKS = YES;
				GCC_OPTIMIZATION_LEVEL = 0;
				GCC_PREPROCESSOR_DEFINITIONS = (
					"DEBUG=1",
					"$(inherited)",
				);
				GCC_WARN_64_TO_32_BIT_CONVERSION = YES;
				GCC_WARN_ABOUT_RETURN_TYPE = YES_ERROR;
				GCC_WARN_UNDECLARED_SELECTOR = YES;
				GCC_WARN_UNINITIALIZED_AUTOS = YES_AGGRESSIVE;
				GCC_WARN_UNUSED_FUNCTION = YES;
				GCC_WARN_UNUSED_VARIABLE = YES;
				MACOSX_DEPLOYMENT_TARGET = 10.11;
				MTL_ENABLE_DEBUG_INFO = YES;
				ONLY_ACTIVE_ARCH = YES;
				SDKROOT = macosx;
			};
			name = Debug;
		};
		DE9953481C4FD22C003CA88B /* Release */ = {
			isa = XCBuildConfiguration;
			buildSettings = {
				ALWAYS_SEARCH_USER_PATHS = NO;
				CLANG_CXX_LANGUAGE_STANDARD = "gnu++0x";
				CLANG_CXX_LIBRARY = "libc++";
				CLANG_ENABLE_MODULES = YES;
				CLANG_ENABLE_OBJC_ARC = YES;
				CLANG_WARN_BOOL_CONVERSION = YES;
				CLANG_WARN_CONSTANT_CONVERSION = YES;
				CLANG_WARN_DIRECT_OBJC_ISA_USAGE = YES_ERROR;
				CLANG_WARN_EMPTY_BODY = YES;
				CLANG_WARN_ENUM_CONVERSION = YES;
				CLANG_WARN_INT_CONVERSION = YES;
				CLANG_WARN_OBJC_ROOT_CLASS = YES_ERROR;
				CLANG_WARN_UNREACHABLE_CODE = YES;
				CLANG_WARN__DUPLICATE_METHOD_MATCH = YES;
				CODE_SIGN_IDENTITY = "-";
				COPY_PHASE_STRIP = NO;
				DEBUG_INFORMATION_FORMAT = "dwarf-with-dsym";
				ENABLE_NS_ASSERTIONS = NO;
				ENABLE_STRICT_OBJC_MSGSEND = YES;
				GCC_C_LANGUAGE_STANDARD = gnu99;
				GCC_NO_COMMON_BLOCKS = YES;
				GCC_WARN_64_TO_32_BIT_CONVERSION = YES;
				GCC_WARN_ABOUT_RETURN_TYPE = YES_ERROR;
				GCC_WARN_UNDECLARED_SELECTOR = YES;
				GCC_WARN_UNINITIALIZED_AUTOS = YES_AGGRESSIVE;
				GCC_WARN_UNUSED_FUNCTION = YES;
				GCC_WARN_UNUSED_VARIABLE = YES;
				MACOSX_DEPLOYMENT_TARGET = 10.11;
				MTL_ENABLE_DEBUG_INFO = NO;
				SDKROOT = macosx;
			};
			name = Release;
		};
		DE99534A1C4FD22C003CA88B /* Debug */ = {
			isa = XCBuildConfiguration;
			buildSettings = {
				CLANG_ENABLE_MODULES = YES;
				LD_RUNPATH_SEARCH_PATHS = "$(inherited) @executable_path/../Frameworks @loader_path/../Frameworks";
				PRODUCT_NAME = "$(TARGET_NAME)";
				SWIFT_OBJC_BRIDGING_HEADER = "alogrithm_oc/alogrithm_oc-Bridging-Header.h";
				SWIFT_OPTIMIZATION_LEVEL = "-Onone";
			};
			name = Debug;
		};
		DE99534B1C4FD22C003CA88B /* Release */ = {
			isa = XCBuildConfiguration;
			buildSettings = {
				CLANG_ENABLE_MODULES = YES;
				LD_RUNPATH_SEARCH_PATHS = "$(inherited) @executable_path/../Frameworks @loader_path/../Frameworks";
				PRODUCT_NAME = "$(TARGET_NAME)";
				SWIFT_OBJC_BRIDGING_HEADER = "alogrithm_oc/alogrithm_oc-Bridging-Header.h";
			};
			name = Release;
		};
/* End XCBuildConfiguration section */

/* Begin XCConfigurationList section */
		DE99533D1C4FD22C003CA88B /* Build configuration list for PBXProject "alogrithm_oc" */ = {
			isa = XCConfigurationList;
			buildConfigurations = (
				DE9953471C4FD22C003CA88B /* Debug */,
				DE9953481C4FD22C003CA88B /* Release */,
			);
			defaultConfigurationIsVisible = 0;
			defaultConfigurationName = Release;
		};
		DE9953491C4FD22C003CA88B /* Build configuration list for PBXNativeTarget "alogrithm_oc" */ = {
			isa = XCConfigurationList;
			buildConfigurations = (
				DE99534A1C4FD22C003CA88B /* Debug */,
				DE99534B1C4FD22C003CA88B /* Release */,
			);
			defaultConfigurationIsVisible = 0;
		};
/* End XCConfigurationList section */
	};
	rootObject = DE99533A1C4FD22C003CA88B /* Project object */;
}
